# THIS IS AN AUTOGENERATED FILE. DO NOT EDIT THIS FILE DIRECTLY.
# yarn lockfile v1


"@ant-design/colors@^6.0.0":
  version "6.0.0"
  resolved "https://registry.yarnpkg.com/@ant-design/colors/-/colors-6.0.0.tgz#9b9366257cffcc47db42b9d0203bb592c13c0298"
  integrity sha512-qAZRvPzfdWHtfameEGP2Qvuf838NhergR35o+EuVyB5XvSA98xod5r4utvi4TJ3ywmevm290g9nsCG5MryrdWQ==
  dependencies:
    "@ctrl/tinycolor" "^3.4.0"

"@ant-design/cssinjs@^1.4.0":
  version "1.4.0"
  resolved "https://registry.yarnpkg.com/@ant-design/cssinjs/-/cssinjs-1.4.0.tgz#c66aa468322d6fdec7f43c8ebd0f3171630d2711"
  integrity sha512-siFyX5VyiJWKBQAffI8zE0WZ4OWfI35QnqesbtHaVg49QxHFAcFN9VbJ+Qoos24JxABcxfopEwMWe2joZ2QVBQ==
  dependencies:
    "@babel/runtime" "^7.11.1"
    "@emotion/hash" "^0.8.0"
    "@emotion/unitless" "^0.7.5"
    classnames "^2.3.1"
    csstype "^3.0.10"
    rc-util "^5.27.0"
    stylis "^4.0.13"

"@ant-design/icons-svg@^4.2.1":
  version "4.2.1"
  resolved "https://registry.yarnpkg.com/@ant-design/icons-svg/-/icons-svg-4.2.1.tgz#8630da8eb4471a4aabdaed7d1ff6a97dcb2cf05a"
  integrity sha512-EB0iwlKDGpG93hW8f85CTJTs4SvMX7tt5ceupvhALp1IF44SeUFOMhKUOYqpsoYWQKAOuTRDMqn75rEaKDp0Xw==

"@ant-design/icons@^4.7.0":
  version "4.8.0"
  resolved "https://registry.yarnpkg.com/@ant-design/icons/-/icons-4.8.0.tgz#3084e2bb494cac3dad6c0392f77c1efc90ee1fa4"
  integrity sha512-T89P2jG2vM7OJ0IfGx2+9FC5sQjtTzRSz+mCHTXkFn/ELZc2YpfStmYHmqzq2Jx55J0F7+O6i5/ZKFSVNWCKNg==
  dependencies:
    "@ant-design/colors" "^6.0.0"
    "@ant-design/icons-svg" "^4.2.1"
    "@babel/runtime" "^7.11.2"
    classnames "^2.2.6"
    rc-util "^5.9.4"

"@ant-design/react-slick@~1.0.0":
  version "1.0.0"
  resolved "https://registry.yarnpkg.com/@ant-design/react-slick/-/react-slick-1.0.0.tgz#4696eecaa2dea0429e47ae24c267015cfd6df35c"
  integrity sha512-OKxZsn8TAf8fYxP79rDXgLs9zvKMTslK6dJ4iLhDXOujUqC5zJPBRszyrcEHXcMPOm1Sgk40JgyF3yiL/Swd7w==
  dependencies:
    "@babel/runtime" "^7.10.4"
    classnames "^2.2.5"
    json2mq "^0.2.0"
    resize-observer-polyfill "^1.5.1"
    throttle-debounce "^5.0.0"

"@babel/runtime@^7.10.1", "@babel/runtime@^7.10.4", "@babel/runtime@^7.11.1", "@babel/runtime@^7.11.2", "@babel/runtime@^7.12.5", "@babel/runtime@^7.16.7", "@babel/runtime@^7.18.0", "@babel/runtime@^7.18.3", "@babel/runtime@^7.20.0", "@babel/runtime@^7.20.7":
  version "7.20.7"
  resolved "https://registry.yarnpkg.com/@babel/runtime/-/runtime-7.20.7.tgz#fcb41a5a70550e04a7b708037c7c32f7f356d8fd"
  integrity sha512-UF0tvkUtxwAgZ5W/KrkHf0Rn0fdnLDU9ScxBrEVNUprE/MzirjK4MJUX1/BVDv00Sv8cljtukVK1aky++X1SjQ==
  dependencies:
    regenerator-runtime "^0.13.11"

"@ctrl/tinycolor@^3.4.0":
  version "3.5.0"
  resolved "https://registry.yarnpkg.com/@ctrl/tinycolor/-/tinycolor-3.5.0.tgz#6e52b3d1c38d13130101771821e09cdd414a16bc"
  integrity sha512-tlJpwF40DEQcfR/QF+wNMVyGMaO9FQp6Z1Wahj4Gk3CJQYHwA2xVG7iKDFdW6zuxZY9XWOpGcfNCTsX4McOsOg==

"@emotion/hash@^0.8.0":
  version "0.8.0"
  resolved "https://registry.yarnpkg.com/@emotion/hash/-/hash-0.8.0.tgz#bbbff68978fefdbe68ccb533bc8cbe1d1afb5413"
  integrity sha512-kBJtf7PH6aWwZ6fka3zQ0p6SBYzx4fl1LoZXE2RrnYST9Xljm7WfKJrU4g/Xr3Beg72MLrp1AWNUmuYJTL7Cow==

"@emotion/unitless@^0.7.5":
  version "0.7.5"
  resolved "https://registry.yarnpkg.com/@emotion/unitless/-/unitless-0.7.5.tgz#77211291c1900a700b8a78cfafda3160d76949ed"
  integrity sha512-OWORNpfjMsSSUBVrRBVGECkhWcULOAJz9ZW8uK9qgxD+87M7jHRcvh/A96XXNhXTLmKcoYSQtBEX7lHMO7YRwg==

"@esbuild/android-arm64@0.16.16":
  version "0.16.16"
  resolved "https://registry.yarnpkg.com/@esbuild/android-arm64/-/android-arm64-0.16.16.tgz#833184b8a0a96f9c85105c53d0a67e6d3c5c3f07"
  integrity sha512-hFHVAzUKp9Tf8psGq+bDVv+6hTy1bAOoV/jJMUWwhUnIHsh6WbFMhw0ZTkqDuh7TdpffFoHOiIOIxmHc7oYRBQ==

"@esbuild/android-arm@0.16.16":
  version "0.16.16"
  resolved "https://registry.yarnpkg.com/@esbuild/android-arm/-/android-arm-0.16.16.tgz#23761b2fd1dfa4806161dbfc9e0824f04061cb95"
  integrity sha512-BUuWMlt4WSXod1HSl7aGK8fJOsi+Tab/M0IDK1V1/GstzoOpqc/v3DqmN8MkuapPKQ9Br1WtLAN4uEgWR8x64A==

"@esbuild/android-x64@0.16.16":
  version "0.16.16"
  resolved "https://registry.yarnpkg.com/@esbuild/android-x64/-/android-x64-0.16.16.tgz#ffa09f04c0ffea5b594ab7655fc9ca1220365e9b"
  integrity sha512-9WhxJpeb6XumlfivldxqmkJepEcELekmSw3NkGrs+Edq6sS5KRxtUBQuKYDD7KqP59dDkxVbaoPIQFKWQG0KLg==

"@esbuild/darwin-arm64@0.16.16":
  version "0.16.16"
  resolved "https://registry.yarnpkg.com/@esbuild/darwin-arm64/-/darwin-arm64-0.16.16.tgz#62ed2b4bfab594b9e5e708580361f1d059b53b26"
  integrity sha512-8Z+wld+vr/prHPi2O0X7o1zQOfMbXWGAw9hT0jEyU/l/Yrg+0Z3FO9pjPho72dVkZs4ewZk0bDOFLdZHm8jEfw==

"@esbuild/darwin-x64@0.16.16":
  version "0.16.16"
  resolved "https://registry.npmjs.org/@esbuild/darwin-x64/-/darwin-x64-0.16.16.tgz"
  integrity sha512-CYkxVvkZzGCqFrt7EgjFxQKhlUPyDkuR9P0Y5wEcmJqVI8ncerOIY5Kej52MhZyzOBXkYrJgZeVZC9xXXoEg9A==

"@esbuild/freebsd-arm64@0.16.16":
  version "0.16.16"
  resolved "https://registry.yarnpkg.com/@esbuild/freebsd-arm64/-/freebsd-arm64-0.16.16.tgz#db7bce444d372e5a213a3f359c42aee3acc0dd45"
  integrity sha512-fxrw4BYqQ39z/3Ja9xj/a1gMsVq0xEjhSyI4a9MjfvDDD8fUV8IYliac96i7tzZc3+VytyXX+XNsnpEk5sw5Wg==

"@esbuild/freebsd-x64@0.16.16":
  version "0.16.16"
  resolved "https://registry.yarnpkg.com/@esbuild/freebsd-x64/-/freebsd-x64-0.16.16.tgz#02e8a81b7e56040b5eb883896de445a6cd3501f0"
  integrity sha512-8p3v1D+du2jiDvSoNVimHhj7leSfST9YlKsAEO7etBfuqjaBMndo0fmjNLp0JCMld+XIx9L80tooOkyUv1a1PQ==

"@esbuild/linux-arm64@0.16.16":
  version "0.16.16"
  resolved "https://registry.yarnpkg.com/@esbuild/linux-arm64/-/linux-arm64-0.16.16.tgz#ea8c3df172644fa6437f0083c2a38b50f89e5b98"
  integrity sha512-N3u6BBbCVY3xeP2D8Db7QY8I+nZ+2AgOopUIqk+5yCoLnsWkcVxD2ay5E9iIdvApFi1Vg1lZiiwaVp8bOpAc4A==

"@esbuild/linux-arm@0.16.16":
  version "0.16.16"
  resolved "https://registry.yarnpkg.com/@esbuild/linux-arm/-/linux-arm-0.16.16.tgz#c1c2e97e67bb7247e6f60e2644de057bfedb8cbb"
  integrity sha512-bYaocE1/PTMRmkgSckZ0D0Xn2nox8v2qlk+MVVqm+VECNKDdZvghVZtH41dNtBbwADSvA6qkCHGYeWm9LrNCBw==

"@esbuild/linux-ia32@0.16.16":
  version "0.16.16"
  resolved "https://registry.yarnpkg.com/@esbuild/linux-ia32/-/linux-ia32-0.16.16.tgz#9a0b0e926926f891a3e7f7c50bb38e3db49c2c9a"
  integrity sha512-dxjqLKUW8GqGemoRT9v8IgHk+T4tRm1rn1gUcArsp26W9EkK/27VSjBVUXhEG5NInHZ92JaQ3SSMdTwv/r9a2A==

"@esbuild/linux-loong64@0.16.16":
  version "0.16.16"
  resolved "https://registry.yarnpkg.com/@esbuild/linux-loong64/-/linux-loong64-0.16.16.tgz#c5a50ff5981d457ed45f42c3f06a60086759c79b"
  integrity sha512-MdUFggHjRiCCwNE9+1AibewoNq6wf94GLB9Q9aXwl+a75UlRmbRK3h6WJyrSGA6ZstDJgaD2wiTSP7tQNUYxwA==

"@esbuild/linux-mips64el@0.16.16":
  version "0.16.16"
  resolved "https://registry.yarnpkg.com/@esbuild/linux-mips64el/-/linux-mips64el-0.16.16.tgz#e85b7e3c25000be2ae373e5208e55e282a9763e0"
  integrity sha512-CO3YmO7jYMlGqGoeFeKzdwx/bx8Vtq/SZaMAi+ZLDUnDUdfC7GmGwXzIwDJ70Sg+P9pAemjJyJ1icKJ9R3q/Fg==

"@esbuild/linux-ppc64@0.16.16":
  version "0.16.16"
  resolved "https://registry.yarnpkg.com/@esbuild/linux-ppc64/-/linux-ppc64-0.16.16.tgz#24a0013bf727830df44fece571172ebe31b5c5e6"
  integrity sha512-DSl5Czh5hCy/7azX0Wl9IdzPHX2H8clC6G87tBnZnzUpNgRxPFhfmArbaHoAysu4JfqCqbB/33u/GL9dUgCBAw==

"@esbuild/linux-riscv64@0.16.16":
  version "0.16.16"
  resolved "https://registry.yarnpkg.com/@esbuild/linux-riscv64/-/linux-riscv64-0.16.16.tgz#b080998d8d0480e8235f1384c585ae505e98a19d"
  integrity sha512-sSVVMEXsqf1fQu0j7kkhXMViroixU5XoaJXl1u/u+jbXvvhhCt9YvA/B6VM3aM/77HuRQ94neS5bcisijGnKFQ==

"@esbuild/linux-s390x@0.16.16":
  version "0.16.16"
  resolved "https://registry.yarnpkg.com/@esbuild/linux-s390x/-/linux-s390x-0.16.16.tgz#5042de05b9b653dfd134f05e1b37b61704c14c42"
  integrity sha512-jRqBCre9gZGoCdCN/UWCCMwCMsOg65IpY9Pyj56mKCF5zXy9d60kkNRdDN6YXGjr3rzcC4DXnS/kQVCGcC4yPQ==

"@esbuild/linux-x64@0.16.16":
  version "0.16.16"
  resolved "https://registry.yarnpkg.com/@esbuild/linux-x64/-/linux-x64-0.16.16.tgz#b7c0750f2276c9dcf41f0f2229adca46ef22f698"
  integrity sha512-G1+09TopOzo59/55lk5Q0UokghYLyHTKKzD5lXsAOOlGDbieGEFJpJBr3BLDbf7cz89KX04sBeExAR/pL/26sA==

"@esbuild/netbsd-x64@0.16.16":
  version "0.16.16"
  resolved "https://registry.yarnpkg.com/@esbuild/netbsd-x64/-/netbsd-x64-0.16.16.tgz#e2a0ee181fbbe834174d26e24ce1b258232bb3eb"
  integrity sha512-xwjGJB5wwDEujLaJIrSMRqWkbigALpBNcsF9SqszoNKc+wY4kPTdKrSxiY5ik3IatojePP+WV108MvF6q6np4w==

"@esbuild/openbsd-x64@0.16.16":
  version "0.16.16"
  resolved "https://registry.yarnpkg.com/@esbuild/openbsd-x64/-/openbsd-x64-0.16.16.tgz#87a84c1932e00f52ab3380c31facf0e48086ffb9"
  integrity sha512-yeERkoxG2nR2oxO5n+Ms7MsCeNk23zrby2GXCqnfCpPp7KNc0vxaaacIxb21wPMfXXRhGBrNP4YLIupUBrWdlg==

"@esbuild/sunos-x64@0.16.16":
  version "0.16.16"
  resolved "https://registry.yarnpkg.com/@esbuild/sunos-x64/-/sunos-x64-0.16.16.tgz#996bcd2603cd345733c3aa5f52bfd5b8fa7d1d36"
  integrity sha512-nHfbEym0IObXPhtX6Va3H5GaKBty2kdhlAhKmyCj9u255ktAj0b1YACUs9j5H88NRn9cJCthD1Ik/k9wn8YKVg==

"@esbuild/win32-arm64@0.16.16":
  version "0.16.16"
  resolved "https://registry.yarnpkg.com/@esbuild/win32-arm64/-/win32-arm64-0.16.16.tgz#404a9411d12533d0f2ce0a85df6ddb32e851ef04"
  integrity sha512-pdD+M1ZOFy4hE15ZyPX09fd5g4DqbbL1wXGY90YmleVS6Y5YlraW4BvHjim/X/4yuCpTsAFvsT4Nca2lbyDH/A==

"@esbuild/win32-ia32@0.16.16":
  version "0.16.16"
  resolved "https://registry.yarnpkg.com/@esbuild/win32-ia32/-/win32-ia32-0.16.16.tgz#bb5655a48f5f87fee870061883411f5149bc5e44"
  integrity sha512-IPEMfU9p0c3Vb8PqxaPX6BM9rYwlTZGYOf9u+kMdhoILZkVKEjq6PKZO0lB+isojWwAnAqh4ZxshD96njTXajg==

"@esbuild/win32-x64@0.16.16":
  version "0.16.16"
  resolved "https://registry.yarnpkg.com/@esbuild/win32-x64/-/win32-x64-0.16.16.tgz#ee22fed0b2e0c00ce895cdfae9d32ef069a12e04"
  integrity sha512-1YYpoJ39WV/2bnShPwgdzJklc+XS0bysN6Tpnt1cWPdeoKOG4RMEY1g7i534QxXX/rPvNx/NLJQTTCeORYzipg==

"@rc-component/context@^1.3.0":
  version "1.3.0"
  resolved "https://registry.yarnpkg.com/@rc-component/context/-/context-1.3.0.tgz#608ccf0abcbec9406751b17a4b35db08e481c110"
  integrity sha512-6QdaCJ7Wn5UZLJs15IEfqy4Ru3OaL5ctqpQYWd5rlfV9wwzrzdt6+kgAQZV/qdB0MUPN4nhyBfRembQCIvBf+w==
  dependencies:
    "@babel/runtime" "^7.10.1"
    rc-util "^5.27.0"

"@rc-component/mini-decimal@^1.0.1":
  version "1.0.1"
  resolved "https://registry.yarnpkg.com/@rc-component/mini-decimal/-/mini-decimal-1.0.1.tgz#e5dbc20a6a5b0e234d279bc71ce730ab865d3910"
  integrity sha512-9N8nRk0oKj1qJzANKl+n9eNSMUGsZtjwNuDCiZ/KA+dt1fE3zq5x2XxclRcAbOIXnZcJ53ozP2Pa60gyELXagA==
  dependencies:
    "@babel/runtime" "^7.18.0"

"@rc-component/portal@^1.0.0-6", "@rc-component/portal@^1.0.0-8", "@rc-component/portal@^1.0.0-9", "@rc-component/portal@^1.0.2":
  version "1.1.0"
  resolved "https://registry.yarnpkg.com/@rc-component/portal/-/portal-1.1.0.tgz#6b94450d2c2b00d50b141bd7a0be23bd96503dbe"
  integrity sha512-tbXM9SB1r5FOuZjRCljERFByFiEUcMmCWMXLog/NmgCzlAzreXyf23Vei3ZpSMxSMavzPnhCovfZjZdmxS3d1w==
  dependencies:
    "@babel/runtime" "^7.18.0"
    classnames "^2.3.2"
    rc-util "^5.24.4"

"@rc-component/tour@~1.1.0":
  version "1.1.0"
  resolved "https://registry.yarnpkg.com/@rc-component/tour/-/tour-1.1.0.tgz#17b43b5c0bdfb6a8ab3027b1977d960952616d9e"
  integrity sha512-Cy45VnNEDq6DLF5eKonIflObDfofbPq7AJpSf18qLN+j9+wW+sNlRv3JnCMDUsCdhSlnM4+yJ1RMokKp9GCpOQ==
  dependencies:
    "@babel/runtime" "^7.18.0"
    "@rc-component/portal" "^1.0.0-9"
    classnames "^2.3.2"
    rc-trigger "^5.3.4"
    rc-util "^5.24.4"

"@remix-run/router@1.2.1":
  version "1.2.1"
  resolved "https://registry.yarnpkg.com/@remix-run/router/-/router-1.2.1.tgz#812edd4104a15a493dda1ccac0b352270d7a188c"
  integrity sha512-XiY0IsyHR+DXYS5vBxpoBe/8veTeoRpMHP+vDosLZxL5bnpetzI0igkxkLZS235ldLzyfkxF+2divEwWHP3vMQ==

"@swc/core-darwin-arm64@1.3.25":
  version "1.3.25"
  resolved "https://registry.yarnpkg.com/@swc/core-darwin-arm64/-/core-darwin-arm64-1.3.25.tgz#01ce7b8a88b545a4fc5283ed6f96b22c5733d6c4"
  integrity sha512-8PWAVcjTJyj2VrqPBFOIi2w2P0Z8kOCbzHW3+pe+bSXxfGMG0MKPl5U2IXhsEL0ovm4xSFlqW0yygpoP3MmRPw==

"@swc/core-darwin-x64@1.3.25":
  version "1.3.25"
  resolved "https://registry.npmjs.org/@swc/core-darwin-x64/-/core-darwin-x64-1.3.25.tgz"
  integrity sha512-5DHGiMYFEj5aa208tCjo7Sn5tiG4xPz+4gUiWVlglxqXFptkNim5xu/1G6VYm5Zk7dI5jJkjTU76GQG7IRvPug==

"@swc/core-linux-arm-gnueabihf@1.3.25":
  version "1.3.25"
  resolved "https://registry.yarnpkg.com/@swc/core-linux-arm-gnueabihf/-/core-linux-arm-gnueabihf-1.3.25.tgz#ecf3a34899fdbdc742523524caab29c0db97a6ad"
  integrity sha512-YNfLxv9PhZk+jrJbpR1mMrYBUkufo0hiFv3S1OrX3l8edsIP4wPND5w9ZH0Oi898f6Jg9DBrY2zXJMQ+gWkbvA==

"@swc/core-linux-arm64-gnu@1.3.25":
  version "1.3.25"
  resolved "https://registry.yarnpkg.com/@swc/core-linux-arm64-gnu/-/core-linux-arm64-gnu-1.3.25.tgz#50524c9db2dbf874570e45f0a66e0283f02bc2d9"
  integrity sha512-kS+spM5/xQ6QvWF1ms3byfjnhUlpjTfFwgCyHnIKgjvsYkDa+vkAIhKq6HuEdaTPaCRCjts0Zarhub1nClUU0g==

"@swc/core-linux-arm64-musl@1.3.25":
  version "1.3.25"
  resolved "https://registry.yarnpkg.com/@swc/core-linux-arm64-musl/-/core-linux-arm64-musl-1.3.25.tgz#f04a3d3784cff14f96ad9901861485ec0fa14ebf"
  integrity sha512-vM3D7LWmjotUAJ2D4F+L+dspFeWrcPNVh0o8TCoTOYCt8DPD5YsUKTpIgOsZ+gReeWUAnNTh0Btx5pGGVfajGA==

"@swc/core-linux-x64-gnu@1.3.25":
  version "1.3.25"
  resolved "https://registry.yarnpkg.com/@swc/core-linux-x64-gnu/-/core-linux-x64-gnu-1.3.25.tgz#761fb020b8a0130e4dccc9c8dce355fa06df63f4"
  integrity sha512-xUCLLMDlYa/zB8BftVa4SrxuVpcDxkltCfmBg5r2pZPVskhC5ZJsQZ/AvWNChoAB11shRhjTaWDlmxJEsa7TIg==

"@swc/core-linux-x64-musl@1.3.25":
  version "1.3.25"
  resolved "https://registry.yarnpkg.com/@swc/core-linux-x64-musl/-/core-linux-x64-musl-1.3.25.tgz#f944ee48c972ebdcb3e6d6fd62d67eb98dbb1268"
  integrity sha512-QzHU3BIaUVRSFNsUn3Qxx1vgtF/f5NqsFMAAPSq9Y8Yq5nrlc2t7cNuOROxHLbUqE+NPUp6+RglleJMoeWz5mA==

"@swc/core-win32-arm64-msvc@1.3.25":
  version "1.3.25"
  resolved "https://registry.yarnpkg.com/@swc/core-win32-arm64-msvc/-/core-win32-arm64-msvc-1.3.25.tgz#af63ae850ef6e7322e8a5a0959529e96096239d2"
  integrity sha512-77VSVtneVOAUL4zkRyQZ6pWVpTsVVdqwly/DKnRnloglGKxYuk5DG5MUBsL72Nnfv4OCHjZ27eI3NUrpLsUb2Q==

"@swc/core-win32-ia32-msvc@1.3.25":
  version "1.3.25"
  resolved "https://registry.yarnpkg.com/@swc/core-win32-ia32-msvc/-/core-win32-ia32-msvc-1.3.25.tgz#96a869aa4b4c41c44c9c9893ac4aad68d1233022"
  integrity sha512-kz0v3K3H6OPEZR3ry72Ad/6C5GrZBRRUk69K58LORQ8tZXQD3UGl85pUbQqyHl8fR5NU76Muxgovj9CI9iTHGA==

"@swc/core-win32-x64-msvc@1.3.25":
  version "1.3.25"
  resolved "https://registry.yarnpkg.com/@swc/core-win32-x64-msvc/-/core-win32-x64-msvc-1.3.25.tgz#9035c11626653322a404f3f44af11a02d989094c"
  integrity sha512-nmQOAzIpNRRnupWzkenJmW4i+h1M76cVNUqEU2MjmtesEkRZEGqv//jefXiyCP2zcbeLNLKiB2ptVJhpd1BvRA==

"@swc/core@^1.3.22":
  version "1.3.25"
  resolved "https://registry.npmjs.org/@swc/core/-/core-1.3.25.tgz"
  integrity sha512-wqzvM/wu6OsTVYPMStOpm7kIQcPX3GoZ0sC85qzDdsCxmJ1rmItLAD91sXPUmmdk0XqPYjLgT9MRDEIP5woz4g==
  optionalDependencies:
    "@swc/core-darwin-arm64" "1.3.25"
    "@swc/core-darwin-x64" "1.3.25"
    "@swc/core-linux-arm-gnueabihf" "1.3.25"
    "@swc/core-linux-arm64-gnu" "1.3.25"
    "@swc/core-linux-arm64-musl" "1.3.25"
    "@swc/core-linux-x64-gnu" "1.3.25"
    "@swc/core-linux-x64-musl" "1.3.25"
    "@swc/core-win32-arm64-msvc" "1.3.25"
    "@swc/core-win32-ia32-msvc" "1.3.25"
    "@swc/core-win32-x64-msvc" "1.3.25"

"@types/history@^4.7.11":
  version "4.7.11"
  resolved "https://registry.yarnpkg.com/@types/history/-/history-4.7.11.tgz#56588b17ae8f50c53983a524fc3cc47437969d64"
  integrity sha512-qjDJRrmvBMiTx+jyLxvLfJU7UznFuokDv4f3WRuriHKERccVpFU+8XMQUAbDzoiJCsmexxRExQeMwwCdamSKDA==

"@types/prop-types@*":
  version "15.7.5"
  resolved "https://registry.npmjs.org/@types/prop-types/-/prop-types-15.7.5.tgz"
  integrity sha512-JCB8C6SnDoQf0cNycqd/35A7MjcnK+ZTqE7judS6o7utxUCg6imJg3QK2qzHKszlTjcj2cn+NwMB2i96ubpj7w==

"@types/react-dom@^18.0.9":
  version "18.0.10"
  resolved "https://registry.npmjs.org/@types/react-dom/-/react-dom-18.0.10.tgz"
  integrity sha512-E42GW/JA4Qv15wQdqJq8DL4JhNpB3prJgjgapN3qJT9K2zO5IIAQh4VXvCEDupoqAwnz0cY4RlXeC/ajX5SFHg==
  dependencies:
    "@types/react" "*"

"@types/react-router-dom@^5.3.3":
  version "5.3.3"
  resolved "https://registry.yarnpkg.com/@types/react-router-dom/-/react-router-dom-5.3.3.tgz#e9d6b4a66fcdbd651a5f106c2656a30088cc1e83"
  integrity sha512-kpqnYK4wcdm5UaWI3fLcELopqLrHgLqNsdpHauzlQktfkHL3npOSwtj1Uz9oKBAzs7lFtVkV8j83voAz2D8fhw==
  dependencies:
    "@types/history" "^4.7.11"
    "@types/react" "*"
    "@types/react-router" "*"

"@types/react-router@*":
  version "5.1.20"
  resolved "https://registry.yarnpkg.com/@types/react-router/-/react-router-5.1.20.tgz#88eccaa122a82405ef3efbcaaa5dcdd9f021387c"
  integrity sha512-jGjmu/ZqS7FjSH6owMcD5qpq19+1RS9DeVRqfl1FeBMxTDQAGwlMWOcs52NDoXaNKyG3d1cYQFMs9rCrb88o9Q==
  dependencies:
    "@types/history" "^4.7.11"
    "@types/react" "*"

"@types/react@*", "@types/react@^18.0.26":
  version "18.0.26"
  resolved "https://registry.npmjs.org/@types/react/-/react-18.0.26.tgz"
  integrity sha512-hCR3PJQsAIXyxhTNSiDFY//LhnMZWpNNr5etoCqx/iUfGc5gXWtQR2Phl908jVR6uPXacojQWTg4qRpkxTuGug==
  dependencies:
    "@types/prop-types" "*"
    "@types/scheduler" "*"
    csstype "^3.0.2"

"@types/scheduler@*":
  version "0.16.2"
  resolved "https://registry.npmjs.org/@types/scheduler/-/scheduler-0.16.2.tgz"
  integrity sha512-hppQEBDmlwhFAXKJX2KnWLYu5yMfi91yazPb2l+lbJiwW+wdo1gNeRA+3RgNSO39WYX2euey41KEwnqesU2Jew==

"@vitejs/plugin-react-swc@^3.0.0":
  version "3.0.1"
  resolved "https://registry.npmjs.org/@vitejs/plugin-react-swc/-/plugin-react-swc-3.0.1.tgz"
  integrity sha512-3GQ2oruZO9j8dSHcI0MUeOZQBhjYyDQsF/pKY4Px+CJxn0M16OhgFeEzUjeuwci4zhhjoNIDE9aFNaV5GMQ09g==
  dependencies:
    "@swc/core" "^1.3.22"

antd@^5.1.4:
  version "5.1.4"
  resolved "https://registry.yarnpkg.com/antd/-/antd-5.1.4.tgz#d754473669f0cfe706f20ba72c041cf416b09e0f"
  integrity sha512-74j1+8jRYDglCSvNgx7DGvBH6gerHvtV6k6DylIVQLuViza5YPYH0MVUQwrw6a65iTfuRUY59Oo3EfqerGk8Uw==
  dependencies:
    "@ant-design/colors" "^6.0.0"
    "@ant-design/cssinjs" "^1.4.0"
    "@ant-design/icons" "^4.7.0"
    "@ant-design/react-slick" "~1.0.0"
    "@babel/runtime" "^7.18.3"
    "@ctrl/tinycolor" "^3.4.0"
    "@rc-component/tour" "~1.1.0"
    classnames "^2.2.6"
    copy-to-clipboard "^3.2.0"
    dayjs "^1.11.1"
    qrcode.react "^3.1.0"
    rc-cascader "~3.8.0"
    rc-checkbox "~2.3.0"
    rc-collapse "~3.4.2"
    rc-dialog "~9.0.2"
    rc-drawer "~6.1.1"
    rc-dropdown "~4.0.0"
    rc-field-form "~1.27.0"
    rc-image "~5.13.0"
    rc-input "~0.1.4"
    rc-input-number "~7.4.0"
    rc-mentions "~1.13.1"
    rc-menu "~9.8.0"
    rc-motion "^2.6.1"
    rc-notification "~5.0.0"
    rc-pagination "~3.2.0"
    rc-picker "~3.1.1"
    rc-progress "~3.4.1"
    rc-rate "~2.9.0"
    rc-resize-observer "^1.2.0"
    rc-segmented "~2.1.0"
    rc-select "~14.2.0"
    rc-slider "~10.0.0"
    rc-steps "~6.0.0"
    rc-switch "~4.0.0"
    rc-table "~7.30.2"
    rc-tabs "~12.5.1"
    rc-textarea "~0.4.5"
    rc-tooltip "~5.2.0"
    rc-tree "~5.7.0"
    rc-tree-select "~5.6.0"
    rc-trigger "^5.2.10"
    rc-upload "~4.3.0"
    rc-util "^5.27.0"
    scroll-into-view-if-needed "^3.0.3"
    throttle-debounce "^5.0.0"

array-tree-filter@^2.1.0:
  version "2.1.0"
  resolved "https://registry.yarnpkg.com/array-tree-filter/-/array-tree-filter-2.1.0.tgz#873ac00fec83749f255ac8dd083814b4f6329190"
  integrity sha512-4ROwICNlNw/Hqa9v+rk5h22KjmzB1JGTMVKP2AKJBOCgb0yL0ASf0+YvCcLNNwquOHNX48jkeZIJ3a+oOQqKcw==

async-validator@^4.1.0:
  version "4.2.5"
  resolved "https://registry.yarnpkg.com/async-validator/-/async-validator-4.2.5.tgz#c96ea3332a521699d0afaaceed510a54656c6339"
  integrity sha512-7HhHjtERjqlNbZtqNqy2rckN/SpOOlmDliet+lP7k+eKZEjPk3DgyeU9lIXLdeLz0uBbbVp+9Qdow9wJWgwwfg==

classnames@2.x, classnames@^2.2.1, classnames@^2.2.3, classnames@^2.2.5, classnames@^2.2.6, classnames@^2.3.1, classnames@^2.3.2:
  version "2.3.2"
  resolved "https://registry.yarnpkg.com/classnames/-/classnames-2.3.2.tgz#351d813bf0137fcc6a76a16b88208d2560a0d924"
  integrity sha512-CSbhY4cFEJRe6/GQzIk5qXZ4Jeg5pcsP7b5peFSDpffpe1cqjASH/n9UTjBwOp6XpMSTwQ8Za2K5V02ueA7Tmw==

compute-scroll-into-view@^2.0.4:
  version "2.0.4"
  resolved "https://registry.yarnpkg.com/compute-scroll-into-view/-/compute-scroll-into-view-2.0.4.tgz#2b444b2b9e4724819d2531efacb7ac094155fdf6"
  integrity sha512-y/ZA3BGnxoM/QHHQ2Uy49CLtnWPbt4tTPpEEZiEmmiWBFKjej7nEyH8Ryz54jH0MLXflUYA3Er2zUxPSJu5R+g==

copy-to-clipboard@^3.2.0:
  version "3.3.3"
  resolved "https://registry.yarnpkg.com/copy-to-clipboard/-/copy-to-clipboard-3.3.3.tgz#55ac43a1db8ae639a4bd99511c148cdd1b83a1b0"
  integrity sha512-2KV8NhB5JqC3ky0r9PMCAZKbUHSwtEo4CwCs0KXgruG43gX5PMqDEBbVU4OUzw2MuAWUfsuFmWvEKG5QRfSnJA==
  dependencies:
    toggle-selection "^1.0.6"

csstype@^3.0.10, csstype@^3.0.2:
  version "3.1.1"
  resolved "https://registry.npmjs.org/csstype/-/csstype-3.1.1.tgz"
  integrity sha512-DJR/VvkAvSZW9bTouZue2sSxDwdTN92uHjqeKVm+0dAqdfNykRzQ95tay8aXMBAAPpUiq4Qcug2L7neoRh2Egw==

dayjs@^1.11.1:
  version "1.11.7"
  resolved "https://registry.yarnpkg.com/dayjs/-/dayjs-1.11.7.tgz#4b296922642f70999544d1144a2c25730fce63e2"
  integrity sha512-+Yw9U6YO5TQohxLcIkrXBeY73WP3ejHWVvx8XCk3gxvQDCTEmS48ZrSZCKciI7Bhl/uCMyxYtE9UqRILmFphkQ==

dom-align@^1.7.0:
  version "1.12.4"
  resolved "https://registry.yarnpkg.com/dom-align/-/dom-align-1.12.4.tgz#3503992eb2a7cfcb2ed3b2a6d21e0b9c00d54511"
  integrity sha512-R8LUSEay/68zE5c8/3BDxiTEvgb4xZTF0RKmAHfiEVN3klfIpXfi2/QCoiWPccVQ0J/ZGdz9OjzL4uJEP/MRAw==

esbuild@^0.16.3:
  version "0.16.16"
  resolved "https://registry.npmjs.org/esbuild/-/esbuild-0.16.16.tgz"
  integrity sha512-24JyKq10KXM5EBIgPotYIJ2fInNWVVqflv3gicIyQqfmUqi4HvDW1VR790cBgLJHCl96Syy7lhoz7tLFcmuRmg==
  optionalDependencies:
    "@esbuild/android-arm" "0.16.16"
    "@esbuild/android-arm64" "0.16.16"
    "@esbuild/android-x64" "0.16.16"
    "@esbuild/darwin-arm64" "0.16.16"
    "@esbuild/darwin-x64" "0.16.16"
    "@esbuild/freebsd-arm64" "0.16.16"
    "@esbuild/freebsd-x64" "0.16.16"
    "@esbuild/linux-arm" "0.16.16"
    "@esbuild/linux-arm64" "0.16.16"
    "@esbuild/linux-ia32" "0.16.16"
    "@esbuild/linux-loong64" "0.16.16"
    "@esbuild/linux-mips64el" "0.16.16"
    "@esbuild/linux-ppc64" "0.16.16"
    "@esbuild/linux-riscv64" "0.16.16"
    "@esbuild/linux-s390x" "0.16.16"
    "@esbuild/linux-x64" "0.16.16"
    "@esbuild/netbsd-x64" "0.16.16"
    "@esbuild/openbsd-x64" "0.16.16"
    "@esbuild/sunos-x64" "0.16.16"
    "@esbuild/win32-arm64" "0.16.16"
    "@esbuild/win32-ia32" "0.16.16"
    "@esbuild/win32-x64" "0.16.16"

fsevents@~2.3.2:
  version "2.3.2"
  resolved "https://registry.npmjs.org/fsevents/-/fsevents-2.3.2.tgz"
  integrity sha512-xiqMQR4xAeHTuB9uWm+fFRcIOgKBMiOBP+eXiyT7jsgVCq1bkVygt00oASowB7EdtpOHaaPgKt812P9ab+DDKA==

function-bind@^1.1.1:
  version "1.1.1"
  resolved "https://registry.npmjs.org/function-bind/-/function-bind-1.1.1.tgz"
  integrity sha512-yIovAzMX49sF8Yl58fSCWJ5svSLuaibPxXQJFLmBObTuCr0Mf1KiPopGM9NiFjiYBCbfaa2Fh6breQ6ANVTI0A==

has@^1.0.3:
  version "1.0.3"
  resolved "https://registry.npmjs.org/has/-/has-1.0.3.tgz"
  integrity sha512-f2dvO0VU6Oej7RkWJGrehjbzMAjFp5/VKPp5tTpWIV4JHHZK1/BxbFRtf/siA2SWTe09caDmVtYYzWEIbBS4zw==
  dependencies:
    function-bind "^1.1.1"

is-core-module@^2.9.0:
  version "2.11.0"
  resolved "https://registry.npmjs.org/is-core-module/-/is-core-module-2.11.0.tgz"
  integrity sha512-RRjxlvLDkD1YJwDbroBHMb+cukurkDWNyHx7D3oNB5x9rb5ogcksMC5wHCadcXoo67gVr/+3GFySh3134zi6rw==
  dependencies:
    has "^1.0.3"

"js-tokens@^3.0.0 || ^4.0.0":
  version "4.0.0"
  resolved "https://registry.npmjs.org/js-tokens/-/js-tokens-4.0.0.tgz"
  integrity sha512-RdJUflcE3cUzKiMqQgsCu06FPu9UdIJO0beYbPhHN4k6apgJtifcoCtT9bcxOpYBtpD2kCM6Sbzg4CausW/PKQ==

json2mq@^0.2.0:
  version "0.2.0"
  resolved "https://registry.yarnpkg.com/json2mq/-/json2mq-0.2.0.tgz#b637bd3ba9eabe122c83e9720483aeb10d2c904a"
  integrity sha512-SzoRg7ux5DWTII9J2qkrZrqV1gt+rTaoufMxEzXbS26Uid0NwaJd123HcoB80TgubEppxxIGdNxCx50fEoEWQA==
  dependencies:
    string-convert "^0.2.0"

loose-envify@^1.1.0:
  version "1.4.0"
  resolved "https://registry.npmjs.org/loose-envify/-/loose-envify-1.4.0.tgz"
  integrity sha512-lyuxPGr/Wfhrlem2CL/UcnUc1zcqKAImBDzukY7Y5F/yQiNdko6+fRLevlw1HgMySw7f611UIY408EtxRSoK3Q==
  dependencies:
    js-tokens "^3.0.0 || ^4.0.0"

nanoid@^3.3.4:
  version "3.3.4"
  resolved "https://registry.npmjs.org/nanoid/-/nanoid-3.3.4.tgz"
  integrity sha512-MqBkQh/OHTS2egovRtLk45wEyNXwF+cokD+1YPf9u5VfJiRdAiRwB2froX5Co9Rh20xs4siNPm8naNotSD6RBw==

path-parse@^1.0.7:
  version "1.0.7"
  resolved "https://registry.npmjs.org/path-parse/-/path-parse-1.0.7.tgz"
  integrity sha512-LDJzPVEEEPR+y48z93A0Ed0yXb8pAByGWo/k5YYdYgpY2/2EsOsksJrq7lOHxryrVOn1ejG6oAp8ahvOIQD8sw==

picocolors@^1.0.0:
  version "1.0.0"
  resolved "https://registry.npmjs.org/picocolors/-/picocolors-1.0.0.tgz"
  integrity sha512-1fygroTLlHu66zi26VoTDv8yRgm0Fccecssto+MhsZ0D/DGW2sm8E8AjW7NU5VVTRt5GxbeZ5qBuJr+HyLYkjQ==

postcss@^8.4.20:
  version "8.4.21"
  resolved "https://registry.npmjs.org/postcss/-/postcss-8.4.21.tgz"
  integrity sha512-tP7u/Sn/dVxK2NnruI4H9BG+x+Wxz6oeZ1cJ8P6G/PZY0IKk4k/63TDsQf2kQq3+qoJeLm2kIBUNlZe3zgb4Zg==
  dependencies:
    nanoid "^3.3.4"
    picocolors "^1.0.0"
    source-map-js "^1.0.2"

qrcode.react@^3.1.0:
  version "3.1.0"
  resolved "https://registry.yarnpkg.com/qrcode.react/-/qrcode.react-3.1.0.tgz#5c91ddc0340f768316fbdb8fff2765134c2aecd8"
  integrity sha512-oyF+Urr3oAMUG/OiOuONL3HXM+53wvuH3mtIWQrYmsXoAq0DkvZp2RYUWFSMFtbdOpuS++9v+WAkzNVkMlNW6Q==

rc-align@^4.0.0:
  version "4.0.15"
  resolved "https://registry.yarnpkg.com/rc-align/-/rc-align-4.0.15.tgz#2bbd665cf85dfd0b0244c5a752b07565e9098577"
  integrity sha512-wqJtVH60pka/nOX7/IspElA8gjPNQKIx/ZqJ6heATCkXpe1Zg4cPVrMD2vC96wjsFFL8WsmhPbx9tdMo1qqlIA==
  dependencies:
    "@babel/runtime" "^7.10.1"
    classnames "2.x"
    dom-align "^1.7.0"
    rc-util "^5.26.0"
    resize-observer-polyfill "^1.5.1"

rc-cascader@~3.8.0:
  version "3.8.0"
  resolved "https://registry.yarnpkg.com/rc-cascader/-/rc-cascader-3.8.0.tgz#5eaca8998b2e3f5692d13f16bfe2346eccc87c6a"
  integrity sha512-zCz/NzsNRQ1TIfiR3rQNxjeRvgRHEkNdo0FjHQZ6Ay6n4tdCmMrM7+81ThNaf21JLQ1gS2AUG2t5uikGV78obA==
  dependencies:
    "@babel/runtime" "^7.12.5"
    array-tree-filter "^2.1.0"
    classnames "^2.3.1"
    rc-select "~14.2.0"
    rc-tree "~5.7.0"
    rc-util "^5.6.1"

rc-checkbox@~2.3.0:
  version "2.3.2"
  resolved "https://registry.yarnpkg.com/rc-checkbox/-/rc-checkbox-2.3.2.tgz#f91b3678c7edb2baa8121c9483c664fa6f0aefc1"
  integrity sha512-afVi1FYiGv1U0JlpNH/UaEXdh6WUJjcWokj/nUN2TgG80bfG+MDdbfHKlLcNNba94mbjy2/SXJ1HDgrOkXGAjg==
  dependencies:
    "@babel/runtime" "^7.10.1"
    classnames "^2.2.1"

rc-collapse@~3.4.2:
  version "3.4.2"
  resolved "https://registry.yarnpkg.com/rc-collapse/-/rc-collapse-3.4.2.tgz#1310be7ad4cd0dcfc622c45f6c3b5ffdee403ad7"
  integrity sha512-jpTwLgJzkhAgp2Wpi3xmbTbbYExg6fkptL67Uu5LCRVEj6wqmy0DHTjjeynsjOLsppHGHu41t1ELntZ0lEvS/Q==
  dependencies:
    "@babel/runtime" "^7.10.1"
    classnames "2.x"
    rc-motion "^2.3.4"
    rc-util "^5.2.1"
    shallowequal "^1.1.0"

rc-dialog@~9.0.0, rc-dialog@~9.0.2:
  version "9.0.2"
  resolved "https://registry.yarnpkg.com/rc-dialog/-/rc-dialog-9.0.2.tgz#aadfebdeba145f256c1fac9b9f509f893cdbb5b8"
  integrity sha512-s3U+24xWUuB6Bn2Lk/Qt6rufy+uT+QvWkiFhNBcO9APLxcFFczWamaq7x9h8SCuhfc1nHcW4y8NbMsnAjNnWyg==
  dependencies:
    "@babel/runtime" "^7.10.1"
    "@rc-component/portal" "^1.0.0-8"
    classnames "^2.2.6"
    rc-motion "^2.3.0"
    rc-util "^5.21.0"

rc-drawer@~6.1.1:
  version "6.1.2"
  resolved "https://registry.yarnpkg.com/rc-drawer/-/rc-drawer-6.1.2.tgz#032918a21bfa8a7d9e52ada1e7b8ed08c0ae6346"
  integrity sha512-mYsTVT8Amy0LRrpVEv7gI1hOjtfMSO/qHAaCDzFx9QBLnms3cAQLJkaxRWM+Eq99oyLhU/JkgoqTg13bc4ogOQ==
  dependencies:
    "@babel/runtime" "^7.10.1"
    "@rc-component/portal" "^1.0.0-6"
    classnames "^2.2.6"
    rc-motion "^2.6.1"
    rc-util "^5.21.2"

rc-dropdown@~4.0.0:
  version "4.0.1"
  resolved "https://registry.yarnpkg.com/rc-dropdown/-/rc-dropdown-4.0.1.tgz#f65d9d3d89750241057db59d5a75e43cd4576b68"
  integrity sha512-OdpXuOcme1rm45cR0Jzgfl1otzmU4vuBVb+etXM8vcaULGokAKVpKlw8p6xzspG7jGd/XxShvq+N3VNEfk/l5g==
  dependencies:
    "@babel/runtime" "^7.18.3"
    classnames "^2.2.6"
    rc-trigger "^5.3.1"
    rc-util "^5.17.0"

rc-field-form@~1.27.0:
  version "1.27.3"
  resolved "https://registry.yarnpkg.com/rc-field-form/-/rc-field-form-1.27.3.tgz#e5262796b91c80848a42a3e7a669bf459f08d63d"
  integrity sha512-HGqxHnmGQgkPApEcikV4qTg3BLPC82uB/cwBDftDt1pYaqitJfSl5TFTTUMKVEJVT5RqJ2Zi68ME1HmIMX2HAw==
  dependencies:
    "@babel/runtime" "^7.18.0"
    async-validator "^4.1.0"
    rc-util "^5.8.0"

rc-image@~5.13.0:
  version "5.13.0"
  resolved "https://registry.yarnpkg.com/rc-image/-/rc-image-5.13.0.tgz#1ed9b852a40b5eff34786ba7d2f0e9d26eeab874"
  integrity sha512-iZTOmw5eWo2+gcrJMMcnd7SsxVHl3w5xlyCgsULUdJhJbnuI8i/AL0tVOsE7aLn9VfOh1qgDT3mC2G75/c7mqg==
  dependencies:
    "@babel/runtime" "^7.11.2"
    "@rc-component/portal" "^1.0.2"
    classnames "^2.2.6"
    rc-dialog "~9.0.0"
    rc-motion "^2.6.2"
    rc-util "^5.0.6"

rc-input-number@~7.4.0:
  version "7.4.0"
  resolved "https://registry.yarnpkg.com/rc-input-number/-/rc-input-number-7.4.0.tgz#b8b4ffa8bbc04198e79ce8b9611756d046d128ec"
  integrity sha512-r/Oub/sPYbzqLNUOHnnc9sbCu78a81KX+RCbRwmpvB4W6nptUySbdWS5KHV4Hak5CAE1LAd+wWm5JjvZizG1FA==
  dependencies:
    "@babel/runtime" "^7.10.1"
    "@rc-component/mini-decimal" "^1.0.1"
    classnames "^2.2.5"
    rc-util "^5.23.0"

rc-input@~0.1.4:
  version "0.1.4"
  resolved "https://registry.yarnpkg.com/rc-input/-/rc-input-0.1.4.tgz#45cb4ba209ae6cc835a2acb8629d4f8f0cb347e0"
  integrity sha512-FqDdNz+fV2dKNgfXzcSLKvC+jEs1709t7nD+WdfjrdSaOcefpgc7BUJYadc3usaING+b7ediMTfKxuJBsEFbXA==
  dependencies:
    "@babel/runtime" "^7.11.1"
    classnames "^2.2.1"
    rc-util "^5.18.1"

rc-mentions@~1.13.1:
  version "1.13.1"
  resolved "https://registry.yarnpkg.com/rc-mentions/-/rc-mentions-1.13.1.tgz#c884b70e1505a197f1b32a7c6b39090db6992a72"
  integrity sha512-FCkaWw6JQygtOz0+Vxz/M/NWqrWHB9LwqlY2RtcuFqWJNFK9njijOOzTSsBGANliGufVUzx/xuPHmZPBV0+Hgw==
  dependencies:
    "@babel/runtime" "^7.10.1"
    classnames "^2.2.6"
    rc-menu "~9.8.0"
    rc-textarea "^0.4.0"
    rc-trigger "^5.0.4"
    rc-util "^5.22.5"

rc-menu@~9.8.0:
  version "9.8.1"
  resolved "https://registry.yarnpkg.com/rc-menu/-/rc-menu-9.8.1.tgz#988cd807f78d2f92eab686f6813f50b165f78405"
  integrity sha512-179weouypfjWJSRvvoo/vPy+StojsMzK2XC5jRNhL1ryt/N/8wAFESte8K6jZJkNp9DHDLFTe+dCGmikKpiFuA==
  dependencies:
    "@babel/runtime" "^7.10.1"
    classnames "2.x"
    rc-motion "^2.4.3"
    rc-overflow "^1.2.8"
    rc-trigger "^5.1.2"
    rc-util "^5.12.0"
    shallowequal "^1.1.0"

rc-motion@^2.0.0, rc-motion@^2.0.1, rc-motion@^2.3.0, rc-motion@^2.3.4, rc-motion@^2.4.3, rc-motion@^2.4.4, rc-motion@^2.6.0, rc-motion@^2.6.1, rc-motion@^2.6.2:
  version "2.6.3"
  resolved "https://registry.yarnpkg.com/rc-motion/-/rc-motion-2.6.3.tgz#e6d8ca06591c2c1bcd3391a8e7a822ebc4d94e9c"
  integrity sha512-xFLkes3/7VL/J+ah9jJruEW/Akbx5F6jVa2wG5o/ApGKQKSOd5FR3rseHLL9+xtJg4PmCwo6/1tqhDO/T+jFHA==
  dependencies:
    "@babel/runtime" "^7.11.1"
    classnames "^2.2.1"
    rc-util "^5.21.0"

rc-notification@~5.0.0:
  version "5.0.0"
  resolved "https://registry.yarnpkg.com/rc-notification/-/rc-notification-5.0.0.tgz#afdaa86fdf9c96e767690f2e891747beb3100d19"
  integrity sha512-mTqMD5Uip1tJhX74opHrmC/CG1wtkxuCcaiCaPDFWPJ/o50OgYYi3nPV10Pwgb8mK8dqg9DDQKISWAcKmcVlXQ==
  dependencies:
    "@babel/runtime" "^7.10.1"
    classnames "2.x"
    rc-motion "^2.6.0"
    rc-util "^5.20.1"

rc-overflow@^1.0.0, rc-overflow@^1.2.8:
  version "1.2.8"
  resolved "https://registry.yarnpkg.com/rc-overflow/-/rc-overflow-1.2.8.tgz#40f140fabc244118543e627cdd1ef750d9481a88"
  integrity sha512-QJ0UItckWPQ37ZL1dMEBAdY1dhfTXFL9k6oTTcyydVwoUNMnMqCGqnRNA98axSr/OeDKqR6DVFyi8eA5RQI/uQ==
  dependencies:
    "@babel/runtime" "^7.11.1"
    classnames "^2.2.1"
    rc-resize-observer "^1.0.0"
    rc-util "^5.19.2"

rc-pagination@~3.2.0:
  version "3.2.0"
  resolved "https://registry.yarnpkg.com/rc-pagination/-/rc-pagination-3.2.0.tgz#4f2fdba9fdac0f48e5c9fb1141973818138af7e1"
  integrity sha512-5tIXjB670WwwcAJzAqp2J+cOBS9W3cH/WU1EiYwXljuZ4vtZXKlY2Idq8FZrnYBz8KhN3vwPo9CoV/SJS6SL1w==
  dependencies:
    "@babel/runtime" "^7.10.1"
    classnames "^2.2.1"

rc-picker@~3.1.1:
  version "3.1.4"
  resolved "https://registry.yarnpkg.com/rc-picker/-/rc-picker-3.1.4.tgz#4806dc36a78424abaee610830777c8e22a23c74c"
  integrity sha512-4qANXNc3C02YENNQvun329zf9VLvSQ2W8RkKQRu8k1P+EtSGqe3klcAKCfz/1TuCiDvgRjJlzRmyZAkwvsbI8w==
  dependencies:
    "@babel/runtime" "^7.10.1"
    classnames "^2.2.1"
    rc-trigger "^5.0.4"
    rc-util "^5.4.0"
    shallowequal "^1.1.0"

rc-progress@~3.4.1:
  version "3.4.1"
  resolved "https://registry.yarnpkg.com/rc-progress/-/rc-progress-3.4.1.tgz#a9ffe099e88a4fc03afb09d8603162bf0760d743"
  integrity sha512-eAFDHXlk8aWpoXl0llrenPMt9qKHQXphxcVsnKs0FHC6eCSk1ebJtyaVjJUzKe0233ogiLDeEFK1Uihz3s67hw==
  dependencies:
    "@babel/runtime" "^7.10.1"
    classnames "^2.2.6"
    rc-util "^5.16.1"

rc-rate@~2.9.0:
  version "2.9.2"
  resolved "https://registry.yarnpkg.com/rc-rate/-/rc-rate-2.9.2.tgz#4a58965d1ecf91896ebae01d458b59056df0b4ea"
  integrity sha512-SaiZFyN8pe0Fgphv8t3+kidlej+cq/EALkAJAc3A0w0XcPaH2L1aggM8bhe1u6GAGuQNAoFvTLjw4qLPGRKV5g==
  dependencies:
    "@babel/runtime" "^7.10.1"
    classnames "^2.2.5"
    rc-util "^5.0.1"

rc-resize-observer@^1.0.0, rc-resize-observer@^1.1.0, rc-resize-observer@^1.2.0:
  version "1.2.1"
  resolved "https://registry.yarnpkg.com/rc-resize-observer/-/rc-resize-observer-1.2.1.tgz#7f9715b5d1afe126ade3c107aafd2cebf8a57a99"
  integrity sha512-g53PnWLeVOmt4XWkt2x+QlIdf/PhJSd7JqHhtMrUY370e7wJ+kxbgXicYqvENUcgFiiOiMCd07YsC2GNsoSbnA==
  dependencies:
    "@babel/runtime" "^7.20.7"
    classnames "^2.2.1"
    rc-util "^5.27.0"
    resize-observer-polyfill "^1.5.1"

rc-segmented@~2.1.0:
  version "2.1.0"
  resolved "https://registry.yarnpkg.com/rc-segmented/-/rc-segmented-2.1.0.tgz#0e0afe646c1a0e44a0e18785f518c42633ec8efc"
  integrity sha512-hUlonro+pYoZcwrH6Vm56B2ftLfQh046hrwif/VwLIw1j3zGt52p5mREBwmeVzXnSwgnagpOpfafspzs1asjGw==
  dependencies:
    "@babel/runtime" "^7.11.1"
    classnames "^2.2.1"
    rc-motion "^2.4.4"
    rc-util "^5.17.0"

rc-select@~14.2.0:
  version "14.2.0"
  resolved "https://registry.yarnpkg.com/rc-select/-/rc-select-14.2.0.tgz#60e83a7d5a5dae7fd9e3918d9b209074ea2c92d4"
  integrity sha512-tvxHmbAA0EIhBkB7dyaRhcBUIWHocQbUFY/fBlezj2jg5p65a5VQ/UhBg2I9TA1wjpsr5CCx0ruZPkYcUMjDoQ==
  dependencies:
    "@babel/runtime" "^7.10.1"
    classnames "2.x"
    rc-motion "^2.0.1"
    rc-overflow "^1.0.0"
    rc-trigger "^5.0.4"
    rc-util "^5.16.1"
    rc-virtual-list "^3.4.13"

rc-slider@~10.0.0:
  version "10.0.1"
  resolved "https://registry.yarnpkg.com/rc-slider/-/rc-slider-10.0.1.tgz#7058c68ff1e1aa4e7c3536e5e10128bdbccb87f9"
  integrity sha512-igTKF3zBet7oS/3yNiIlmU8KnZ45npmrmHlUUio8PNbIhzMcsh+oE/r2UD42Y6YD2D/s+kzCQkzQrPD6RY435Q==
  dependencies:
    "@babel/runtime" "^7.10.1"
    classnames "^2.2.5"
    rc-util "^5.18.1"
    shallowequal "^1.1.0"

rc-steps@~6.0.0:
  version "6.0.0"
  resolved "https://registry.yarnpkg.com/rc-steps/-/rc-steps-6.0.0.tgz#f7148f8097d5d135f19b96c1b4f4b50ad6093753"
  integrity sha512-+KfMZIty40mYCQSDvYbZ1jwnuObLauTiIskT1hL4FFOBHP6ZOr8LK0m143yD3kEN5XKHSEX1DIwCj3AYZpoeNQ==
  dependencies:
    "@babel/runtime" "^7.16.7"
    classnames "^2.2.3"
    rc-util "^5.16.1"

rc-switch@~4.0.0:
  version "4.0.0"
  resolved "https://registry.yarnpkg.com/rc-switch/-/rc-switch-4.0.0.tgz#55fbf99fc2d680791175037d379e170ba51fbe78"
  integrity sha512-IfrYC99vN0gKaTyjQdqYuADU0eH00SAFHg3jOp8HrmUpJruhV1SohJzrCbPqPraZeX/6X/QKkdLfkdnUub05WA==
  dependencies:
    "@babel/runtime" "^7.10.1"
    classnames "^2.2.1"
    rc-util "^5.0.1"

rc-table@~7.30.2:
  version "7.30.3"
  resolved "https://registry.yarnpkg.com/rc-table/-/rc-table-7.30.3.tgz#9333e4d0b106738d88e2e16c8b066dfb29d93114"
  integrity sha512-PHe+lZKwPo3qui5j79m54vKu8b4hebk04x+4Hy65NvwUU3+NNFGS5FZpylXQMkueMnE8hgh22ZuScQDkCtzQFQ==
  dependencies:
    "@babel/runtime" "^7.10.1"
    "@rc-component/context" "^1.3.0"
    classnames "^2.2.5"
    rc-resize-observer "^1.1.0"
    rc-util "^5.27.1"

rc-tabs@~12.5.1:
  version "12.5.6"
  resolved "https://registry.yarnpkg.com/rc-tabs/-/rc-tabs-12.5.6.tgz#611728575d5f3ef010a8e5e75d2c1b67bb71e86a"
  integrity sha512-aArXHzxK7YICxe+622CZ8FlO5coMi8P7E6tXpseCPKm1gdTjUt0LrQK1/AxcrRXZXG3K4QqhlKmET0+cX5DQaQ==
  dependencies:
    "@babel/runtime" "^7.11.2"
    classnames "2.x"
    rc-dropdown "~4.0.0"
    rc-menu "~9.8.0"
    rc-motion "^2.6.2"
    rc-resize-observer "^1.0.0"
    rc-util "^5.16.0"

rc-textarea@^0.4.0, rc-textarea@~0.4.5:
  version "0.4.7"
  resolved "https://registry.yarnpkg.com/rc-textarea/-/rc-textarea-0.4.7.tgz#627f662d46f99e0059d1c1ebc8db40c65339fe90"
  integrity sha512-IQPd1CDI3mnMlkFyzt2O4gQ2lxUsnBAeJEoZGJnkkXgORNqyM9qovdrCj9NzcRfpHgLdzaEbU3AmobNFGUznwQ==
  dependencies:
    "@babel/runtime" "^7.10.1"
    classnames "^2.2.1"
    rc-resize-observer "^1.0.0"
    rc-util "^5.24.4"
    shallowequal "^1.1.0"

rc-tooltip@~5.2.0:
  version "5.2.2"
  resolved "https://registry.yarnpkg.com/rc-tooltip/-/rc-tooltip-5.2.2.tgz#e5cafa8ecebf78108936a0bcb93c150fa81ac93b"
  integrity sha512-jtQzU/18S6EI3lhSGoDYhPqNpWajMtS5VV/ld1LwyfrDByQpYmw/LW6U7oFXXLukjfDHQ7Ju705A82PRNFWYhg==
  dependencies:
    "@babel/runtime" "^7.11.2"
    classnames "^2.3.1"
    rc-trigger "^5.0.0"

rc-tree-select@~5.6.0:
  version "5.6.0"
  resolved "https://registry.yarnpkg.com/rc-tree-select/-/rc-tree-select-5.6.0.tgz#f34147f4c14341430bcece481804496d0abd3371"
  integrity sha512-XG6pu0a9l6+mzhQqUYfR2VIONbe/3LjVc3wKt28k6uBMZsI1j+SSxRyt/7jWRq8Kok8jHJBQASlDg6ehr9Sp0w==
  dependencies:
    "@babel/runtime" "^7.10.1"
    classnames "2.x"
    rc-select "~14.2.0"
    rc-tree "~5.7.0"
    rc-util "^5.16.1"

rc-tree@~5.7.0:
  version "5.7.2"
  resolved "https://registry.yarnpkg.com/rc-tree/-/rc-tree-5.7.2.tgz#270ea7d9e1b2e5e81cd3659eba2fbd022a4831f6"
  integrity sha512-nmnL6qLnfwVckO5zoqKL2I9UhwDqzyCtjITQCkwhimyz1zfuFkG5ZPIXpzD/Guzso94qQA/QrMsvzic5W6QDjg==
  dependencies:
    "@babel/runtime" "^7.10.1"
    classnames "2.x"
    rc-motion "^2.0.1"
    rc-util "^5.16.1"
    rc-virtual-list "^3.4.8"

rc-trigger@^5.0.0, rc-trigger@^5.0.4, rc-trigger@^5.1.2, rc-trigger@^5.2.10, rc-trigger@^5.3.1, rc-trigger@^5.3.4:
  version "5.3.4"
  resolved "https://registry.yarnpkg.com/rc-trigger/-/rc-trigger-5.3.4.tgz#6b4b26e32825677c837d1eb4d7085035eecf9a61"
  integrity sha512-mQv+vas0TwKcjAO2izNPkqR4j86OemLRmvL2nOzdP9OWNWA1ivoTt5hzFqYNW9zACwmTezRiN8bttrC7cZzYSw==
  dependencies:
    "@babel/runtime" "^7.18.3"
    classnames "^2.2.6"
    rc-align "^4.0.0"
    rc-motion "^2.0.0"
    rc-util "^5.19.2"

rc-upload@~4.3.0:
  version "4.3.4"
  resolved "https://registry.yarnpkg.com/rc-upload/-/rc-upload-4.3.4.tgz#83ff7d3867631c37adbfd72ea3d1fd7e97ca84af"
  integrity sha512-uVbtHFGNjHG/RyAfm9fluXB6pvArAGyAx8z7XzXXyorEgVIWj6mOlriuDm0XowDHYz4ycNK0nE0oP3cbFnzxiQ==
  dependencies:
    "@babel/runtime" "^7.18.3"
    classnames "^2.2.5"
    rc-util "^5.2.0"

rc-util@^5.0.1, rc-util@^5.0.6, rc-util@^5.12.0, rc-util@^5.15.0, rc-util@^5.16.0, rc-util@^5.16.1, rc-util@^5.17.0, rc-util@^5.18.1, rc-util@^5.19.2, rc-util@^5.2.0, rc-util@^5.2.1, rc-util@^5.20.1, rc-util@^5.21.0, rc-util@^5.21.2, rc-util@^5.22.5, rc-util@^5.23.0, rc-util@^5.24.4, rc-util@^5.26.0, rc-util@^5.27.0, rc-util@^5.27.1, rc-util@^5.4.0, rc-util@^5.6.1, rc-util@^5.8.0, rc-util@^5.9.4:
  version "5.27.1"
  resolved "https://registry.yarnpkg.com/rc-util/-/rc-util-5.27.1.tgz#d12f02b9577b04299c0f1a235c8acbcf56e2824b"
  integrity sha512-PsjHA+f+KBCz+YTZxrl3ukJU5RoNKoe3KSNMh0xGiISbR67NaM9E9BiMjCwxa3AcCUOg/rZ+V0ZKLSimAA+e3w==
  dependencies:
    "@babel/runtime" "^7.18.3"
    react-is "^16.12.0"

rc-virtual-list@^3.4.13, rc-virtual-list@^3.4.8:
  version "3.4.13"
  resolved "https://registry.yarnpkg.com/rc-virtual-list/-/rc-virtual-list-3.4.13.tgz#20acc934b263abcf7b7c161f50ef82281b2f7e8d"
  integrity sha512-cPOVDmcNM7rH6ANotanMDilW/55XnFPw0Jh/GQYtrzZSy3AmWvCnqVNyNC/pgg3lfVmX2994dlzAhuUrd4jG7w==
  dependencies:
    "@babel/runtime" "^7.20.0"
    classnames "^2.2.6"
    rc-resize-observer "^1.0.0"
    rc-util "^5.15.0"

react-dom@^18.2.0:
  version "18.2.0"
  resolved "https://registry.npmjs.org/react-dom/-/react-dom-18.2.0.tgz"
  integrity sha512-6IMTriUmvsjHUjNtEDudZfuDQUoWXVxKHhlEGSk81n4YFS+r/Kl99wXiwlVXtPBtJenozv2P+hxDsw9eA7Xo6g==
  dependencies:
    loose-envify "^1.1.0"
    scheduler "^0.23.0"

react-is@^16.12.0:
  version "16.13.1"
  resolved "https://registry.yarnpkg.com/react-is/-/react-is-16.13.1.tgz#789729a4dc36de2999dc156dd6c1d9c18cea56a4"
  integrity sha512-24e6ynE2H+OKt4kqsOvNd8kBpV65zoxbA4BVsEOB3ARVWQki/DHzaUoC5KuON/BiccDaCCTZBuOcfZs70kR8bQ==

react-router-dom@^6.6.2:
  version "6.6.2"
  resolved "https://registry.yarnpkg.com/react-router-dom/-/react-router-dom-6.6.2.tgz#bbf1f9b45855b218d22fc2d294b79408a084740a"
  integrity sha512-6SCDXxRQqW5af8ImOqKza7icmQ47/EMbz572uFjzvcArg3lZ+04PxSPp8qGs+p2Y+q+b+S/AjXv8m8dyLndIIA==
  dependencies:
    "@remix-run/router" "1.2.1"
    react-router "6.6.2"

react-router@6.6.2:
  version "6.6.2"
  resolved "https://registry.yarnpkg.com/react-router/-/react-router-6.6.2.tgz#556f7b56cff7fe32c5c02429fef3fcb2ecd08111"
  integrity sha512-uJPG55Pek3orClbURDvfljhqFvMgJRo59Pktywkk8hUUkTY2aRfza8Yhl/vZQXs+TNQyr6tu+uqz/fLxPICOGQ==
  dependencies:
    "@remix-run/router" "1.2.1"

react@^18.2.0:
  version "18.2.0"
  resolved "https://registry.npmjs.org/react/-/react-18.2.0.tgz"
  integrity sha512-/3IjMdb2L9QbBdWiW5e3P2/npwMBaU9mHCSCUzNln0ZCYbcfTsGbTJrU/kGemdH2IWmB2ioZ+zkxtmq6g09fGQ==
  dependencies:
    loose-envify "^1.1.0"

regenerator-runtime@^0.13.11:
  version "0.13.11"
  resolved "https://registry.yarnpkg.com/regenerator-runtime/-/regenerator-runtime-0.13.11.tgz#f6dca3e7ceec20590d07ada785636a90cdca17f9"
  integrity sha512-kY1AZVr2Ra+t+piVaJ4gxaFaReZVH40AKNo7UCX6W+dEwBo/2oZJzqfuN1qLq1oL45o56cPaTXELwrTh8Fpggg==

resize-observer-polyfill@^1.5.1:
  version "1.5.1"
  resolved "https://registry.yarnpkg.com/resize-observer-polyfill/-/resize-observer-polyfill-1.5.1.tgz#0e9020dd3d21024458d4ebd27e23e40269810464"
  integrity sha512-LwZrotdHOo12nQuZlHEmtuXdqGoOD0OhaxopaNFxWzInpEgaLWoVuAMbTzixuosCx2nEG58ngzW3vxdWoxIgdg==

resolve@^1.22.1:
  version "1.22.1"
  resolved "https://registry.npmjs.org/resolve/-/resolve-1.22.1.tgz"
  integrity sha512-nBpuuYuY5jFsli/JIs1oldw6fOQCBioohqWZg/2hiaOybXOft4lonv85uDOKXdf8rhyK159cxU5cDcK/NKk8zw==
  dependencies:
    is-core-module "^2.9.0"
    path-parse "^1.0.7"
    supports-preserve-symlinks-flag "^1.0.0"

rollup@^3.7.0:
  version "3.9.1"
  resolved "https://registry.npmjs.org/rollup/-/rollup-3.9.1.tgz"
  integrity sha512-GswCYHXftN8ZKGVgQhTFUJB/NBXxrRGgO2NCy6E8s1rwEJ4Q9/VttNqcYfEvx4dTo4j58YqdC3OVztPzlKSX8w==
  optionalDependencies:
    fsevents "~2.3.2"

scheduler@^0.23.0:
  version "0.23.0"
  resolved "https://registry.npmjs.org/scheduler/-/scheduler-0.23.0.tgz"
  integrity sha512-CtuThmgHNg7zIZWAXi3AsyIzA3n4xx7aNyjwC2VJldO2LMVDhFK+63xGqq6CsJH4rTAt6/M+N4GhZiDYPx9eUw==
  dependencies:
    loose-envify "^1.1.0"

scroll-into-view-if-needed@^3.0.3:
  version "3.0.4"
  resolved "https://registry.yarnpkg.com/scroll-into-view-if-needed/-/scroll-into-view-if-needed-3.0.4.tgz#4b3101712f0ac8ec982c0a7ab4d071e393241e21"
  integrity sha512-s+/F50jwTOUt+u5oEIAzum9MN2lUQNvWBe/zfEsVQcbaERjGkKLq1s+2wCHkahMLC8nMLbzMVKivx9JhunXaZg==
  dependencies:
    compute-scroll-into-view "^2.0.4"

shallowequal@^1.1.0:
  version "1.1.0"
  resolved "https://registry.yarnpkg.com/shallowequal/-/shallowequal-1.1.0.tgz#188d521de95b9087404fd4dcb68b13df0ae4e7f8"
  integrity sha512-y0m1JoUZSlPAjXVtPPW70aZWfIL/dSP7AFkRnniLCrK/8MDKog3TySTBmckD+RObVxH0v4Tox67+F14PdED2oQ==

source-map-js@^1.0.2:
  version "1.0.2"
  resolved "https://registry.npmjs.org/source-map-js/-/source-map-js-1.0.2.tgz"
  integrity sha512-R0XvVJ9WusLiqTCEiGCmICCMplcCkIwwR11mOSD9CR5u+IXYdiseeEuXCVAjS54zqwkLcPNnmU4OeJ6tUrWhDw==

string-convert@^0.2.0:
  version "0.2.1"
  resolved "https://registry.yarnpkg.com/string-convert/-/string-convert-0.2.1.tgz#6982cc3049fbb4cd85f8b24568b9d9bf39eeff97"
  integrity sha512-u/1tdPl4yQnPBjnVrmdLo9gtuLvELKsAoRapekWggdiQNvvvum+jYF329d84NAa660KQw7pB2n36KrIKVoXa3A==

stylis@^4.0.13:
  version "4.1.3"
  resolved "https://registry.yarnpkg.com/stylis/-/stylis-4.1.3.tgz#fd2fbe79f5fed17c55269e16ed8da14c84d069f7"
  integrity sha512-GP6WDNWf+o403jrEp9c5jibKavrtLW+/qYGhFxFrG8maXhwTBI7gLLhiBb0o7uFccWN+EOS9aMO6cGHWAO07OA==

supports-preserve-symlinks-flag@^1.0.0:
  version "1.0.0"
  resolved "https://registry.npmjs.org/supports-preserve-symlinks-flag/-/supports-preserve-symlinks-flag-1.0.0.tgz"
  integrity sha512-ot0WnXS9fgdkgIcePe6RHNk1WA8+muPa6cSjeR3V8K27q9BB1rTE3R1p7Hv0z1ZyAc8s6Vvv8DIyWf681MAt0w==

throttle-debounce@^5.0.0:
  version "5.0.0"
  resolved "https://registry.yarnpkg.com/throttle-debounce/-/throttle-debounce-5.0.0.tgz#a17a4039e82a2ed38a5e7268e4132d6960d41933"
  integrity sha512-2iQTSgkkc1Zyk0MeVrt/3BvuOXYPl/R8Z0U2xxo9rjwNciaHDG3R+Lm6dh4EeUci49DanvBnuqI6jshoQQRGEg==

toggle-selection@^1.0.6:
  version "1.0.6"
  resolved "https://registry.yarnpkg.com/toggle-selection/-/toggle-selection-1.0.6.tgz#6e45b1263f2017fa0acc7d89d78b15b8bf77da32"
  integrity sha512-BiZS+C1OS8g/q2RRbJmy59xpyghNBqrr6k5L/uKBGRsTfxmu3ffiRnd8mlGPUVayg8pvfi5urfnu8TU7DVOkLQ==

typescript@^4.9.3:
  version "4.9.4"
  resolved "https://registry.npmjs.org/typescript/-/typescript-4.9.4.tgz"
  integrity sha512-Uz+dTXYzxXXbsFpM86Wh3dKCxrQqUcVMxwU54orwlJjOpO3ao8L7j5lH+dWfTwgCwIuM9GQ2kvVotzYJMXTBZg==

vite@^4.0.0:
  version "4.0.4"
  resolved "https://registry.npmjs.org/vite/-/vite-4.0.4.tgz"
  integrity sha512-xevPU7M8FU0i/80DMR+YhgrzR5KS2ORy1B4xcX/cXLsvnUWvfHuqMmVU6N0YiJ4JWGRJJsLCgjEzKjG9/GKoSw==
  dependencies:
    esbuild "^0.16.3"
    postcss "^8.4.20"
    resolve "^1.22.1"
    rollup "^3.7.0"
  optionalDependencies:
    fsevents "~2.3.2"
